
Microsoft Visual Studio Solution File, Format Version 12.00
# Visual Studio Version 17
VisualStudioVersion = 17.2.32630.192
MinimumVisualStudioVersion = 10.0.40219.1
Project("{9A19103F-16F7-4668-BE54-9A1E7A4F7556}") = "UnitConverter", "UnitConverter\UnitConverter.csproj", "{C040CC16-B7A4-48B8-A2C8-586425D0B539}"
EndProject
Project("{9A19103F-16F7-4668-BE54-9A1E7A4F7556}") = "ConsoleConverter", "ConsoleConverter\ConsoleConverter.csproj", "{2B3EF6AD-6763-444A-8CA5-AA3F9A08D652}"
EndProject
Project("{FAE04EC0-301F-11D3-BF4B-00C04F79EFBC}") = "UnitConverter.Tests", "UnitConverter.Tests\UnitConverter.Tests.csproj", "{427BF9C7-A5B3-4254-8EDC-485742BC1ED7}"
EndProject
Global
	GlobalSection(SolutionConfigurationPlatforms) = preSolution
		Debug|Any CPU = Debug|Any CPU
		Release|Any CPU = Release|Any CPU
	EndGlobalSection
	GlobalSection(ProjectConfigurationPlatforms) = postSolution
		{C040CC16-B7A4-48B8-A2C8-586425D0B539}.Debug|Any CPU.ActiveCfg = Debug|Any CPU
		{C040CC16-B7A4-48B8-A2C8-586425D0B539}.Debug|Any CPU.Build.0 = Debug|Any CPU
		{C040CC16-B7A4-48B8-A2C8-586425D0B539}.Release|Any CPU.ActiveCfg = Release|Any CPU
		{C040CC16-B7A4-48B8-A2C8-586425D0B539}.Release|Any CPU.Build.0 = Release|Any CPU
		{2B3EF6AD-6763-444A-8CA5-AA3F9A08D652}.Debug|Any CPU.ActiveCfg = Debug|Any CPU
		{2B3EF6AD-6763-444A-8CA5-AA3F9A08D652}.Debug|Any CPU.Build.0 = Debug|Any CPU
		{2B3EF6AD-6763-444A-8CA5-AA3F9A08D652}.Release|Any CPU.ActiveCfg = Release|Any CPU
		{2B3EF6AD-6763-444A-8CA5-AA3F9A08D652}.Release|Any CPU.Build.0 = Release|Any CPU
		{427BF9C7-A5B3-4254-8EDC-485742BC1ED7}.Debug|Any CPU.ActiveCfg = Debug|Any CPU
		{427BF9C7-A5B3-4254-8EDC-485742BC1ED7}.Debug|Any CPU.Build.0 = Debug|Any CPU
		{427BF9C7-A5B3-4254-8EDC-485742BC1ED7}.Release|Any CPU.ActiveCfg = Release|Any CPU
		{427BF9C7-A5B3-4254-8EDC-485742BC1ED7}.Release|Any CPU.Build.0 = Release|Any CPU
	EndGlobalSection
	GlobalSection(SolutionProperties) = preSolution
		HideSolutionNode = FALSE
	EndGlobalSection
	GlobalSection(ExtensibilityGlobals) = postSolution
		SolutionGuid = {088D06B1-36F1-4FF9-84AF-5C1ABBFAD2CB}
	EndGlobalSection
EndGlobal
